
Microsoft Visual Studio Solution File, Format Version 12.00
# Visual Studio Version 16
VisualStudioVersion = 16.0.29728.190
MinimumVisualStudioVersion = 10.0.40219.1
Project("{FAE04EC0-301F-11D3-BF4B-00C04F79EFBC}") = "Task1", "Task1\Task1.csproj", "{35FD54F2-0403-4085-9C7D-AE7E8A58366D}"
EndProject
Project("{FAE04EC0-301F-11D3-BF4B-00C04F79EFBC}") = "Task2", "Task2\Task2.csproj", "{DD977083-E92A-4C2F-AE5A-8CCC390269C5}"
EndProject
Project("{FAE04EC0-301F-11D3-BF4B-00C04F79EFBC}") = "Task3", "Task3\Task3.csproj", "{FE956F0D-96F1-4478-B116-7DFF7C140F7F}"
EndProject
Project("{FAE04EC0-301F-11D3-BF4B-00C04F79EFBC}") = "Task4", "Task4\Task4.csproj", "{809BFF67-F2B3-4BC3-B2E9-DD4EA2C7A904}"
EndProject
Global
	GlobalSection(SolutionConfigurationPlatforms) = preSolution
		Debug|Any CPU = Debug|Any CPU
		Release|Any CPU = Release|Any CPU
	EndGlobalSection
	GlobalSection(ProjectConfigurationPlatforms) = postSolution
		{35FD54F2-0403-4085-9C7D-AE7E8A58366D}.Debug|Any CPU.ActiveCfg = Debug|Any CPU
		{35FD54F2-0403-4085-9C7D-AE7E8A58366D}.Debug|Any CPU.Build.0 = Debug|Any CPU
		{35FD54F2-0403-4085-9C7D-AE7E8A58366D}.Release|Any CPU.ActiveCfg = Release|Any CPU
		{35FD54F2-0403-4085-9C7D-AE7E8A58366D}.Release|Any CPU.Build.0 = Release|Any CPU
		{DD977083-E92A-4C2F-AE5A-8CCC390269C5}.Debug|Any CPU.ActiveCfg = Debug|Any CPU
		{DD977083-E92A-4C2F-AE5A-8CCC390269C5}.Debug|Any CPU.Build.0 = Debug|Any CPU
		{DD977083-E92A-4C2F-AE5A-8CCC390269C5}.Release|Any CPU.ActiveCfg = Release|Any CPU
		{DD977083-E92A-4C2F-AE5A-8CCC390269C5}.Release|Any CPU.Build.0 = Release|Any CPU
		{FE956F0D-96F1-4478-B116-7DFF7C140F7F}.Debug|Any CPU.ActiveCfg = Debug|Any CPU
		{FE956F0D-96F1-4478-B116-7DFF7C140F7F}.Debug|Any CPU.Build.0 = Debug|Any CPU
		{FE956F0D-96F1-4478-B116-7DFF7C140F7F}.Release|Any CPU.ActiveCfg = Release|Any CPU
		{FE956F0D-96F1-4478-B116-7DFF7C140F7F}.Release|Any CPU.Build.0 = Release|Any CPU
		{809BFF67-F2B3-4BC3-B2E9-DD4EA2C7A904}.Debug|Any CPU.ActiveCfg = Debug|Any CPU
		{809BFF67-F2B3-4BC3-B2E9-DD4EA2C7A904}.Debug|Any CPU.Build.0 = Debug|Any CPU
		{809BFF67-F2B3-4BC3-B2E9-DD4EA2C7A904}.Release|Any CPU.ActiveCfg = Release|Any CPU
		{809BFF67-F2B3-4BC3-B2E9-DD4EA2C7A904}.Release|Any CPU.Build.0 = Release|Any CPU
	EndGlobalSection
	GlobalSection(SolutionProperties) = preSolution
		HideSolutionNode = FALSE
	EndGlobalSection
	GlobalSection(ExtensibilityGlobals) = postSolution
		SolutionGuid = {E2FFAF7C-C247-4CAD-A1C2-E4EB3234B990}
	EndGlobalSection
EndGlobal
